// !$*UTF8*$!
{
	archiveVersion = 1;
	classes = {
	};
	objectVersion = 56;
	objects = {

/* Begin PBXBuildFile section */
		142F9B6A2B7CFDF300B1FEE8 /* AppDelegate.swift in Sources */ = {isa = PBXBuildFile; fileRef = 142F9B692B7CFDF300B1FEE8 /* AppDelegate.swift */; };
		142F9B6C2B7CFDF300B1FEE8 /* SceneDelegate.swift in Sources */ = {isa = PBXBuildFile; fileRef = 142F9B6B2B7CFDF300B1FEE8 /* SceneDelegate.swift */; };
		142F9B6E2B7CFDF300B1FEE8 /* ViewController.swift in Sources */ = {isa = PBXBuildFile; fileRef = 142F9B6D2B7CFDF300B1FEE8 /* ViewController.swift */; };
		142F9B712B7CFDF300B1FEE8 /* Main.storyboard in Resources */ = {isa = PBXBuildFile; fileRef = 142F9B6F2B7CFDF300B1FEE8 /* Main.storyboard */; };
		142F9B732B7CFDF500B1FEE8 /* Assets.xcassets in Resources */ = {isa = PBXBuildFile; fileRef = 142F9B722B7CFDF500B1FEE8 /* Assets.xcassets */; };
		142F9B762B7CFDF500B1FEE8 /* LaunchScreen.storyboard in Resources */ = {isa = PBXBuildFile; fileRef = 142F9B742B7CFDF500B1FEE8 /* LaunchScreen.storyboard */; };
		142F9B812B7CFDF500B1FEE8 /* BankingSuperAppTests.swift in Sources */ = {isa = PBXBuildFile; fileRef = 142F9B802B7CFDF500B1FEE8 /* BankingSuperAppTests.swift */; };
		142F9B8B2B7CFDF500B1FEE8 /* BankingSuperAppUITests.swift in Sources */ = {isa = PBXBuildFile; fileRef = 142F9B8A2B7CFDF500B1FEE8 /* BankingSuperAppUITests.swift */; };
		142F9B8D2B7CFDF500B1FEE8 /* BankingSuperAppUITestsLaunchTests.swift in Sources */ = {isa = PBXBuildFile; fileRef = 142F9B8C2B7CFDF500B1FEE8 /* BankingSuperAppUITestsLaunchTests.swift */; };
/* End PBXBuildFile section */

/* Begin PBXContainerItemProxy section */
		142F9B7D2B7CFDF500B1FEE8 /* PBXContainerItemProxy */ = {
			isa = PBXContainerItemProxy;
			containerPortal = 142F9B5E2B7CFDF300B1FEE8 /* Project object */;
			proxyType = 1;
			remoteGlobalIDString = 142F9B652B7CFDF300B1FEE8;
			remoteInfo = BankingSuperApp;
		};
		142F9B872B7CFDF500B1FEE8 /* PBXContainerItemProxy */ = {
			isa = PBXContainerItemProxy;
			containerPortal = 142F9B5E2B7CFDF300B1FEE8 /* Project object */;
			proxyType = 1;
			remoteGlobalIDString = 142F9B652B7CFDF300B1FEE8;
			remoteInfo = BankingSuperApp;
		};
/* End PBXContainerItemProxy section */

/* Begin PBXFileReference section */
		142F9B662B7CFDF300B1FEE8 /* BankingSuperApp.app */ = {isa = PBXFileReference; explicitFileType = wrapper.application; includeInIndex = 0; path = BankingSuperApp.app; sourceTree = BUILT_PRODUCTS_DIR; };
		142F9B692B7CFDF300B1FEE8 /* AppDelegate.swift */ = {isa = PBXFileReference; lastKnownFileType = sourcecode.swift; path = AppDelegate.swift; sourceTree = "<group>"; };
		142F9B6B2B7CFDF300B1FEE8 /* SceneDelegate.swift */ = {isa = PBXFileReference; lastKnownFileType = sourcecode.swift; path = SceneDelegate.swift; sourceTree = "<group>"; };
		142F9B6D2B7CFDF300B1FEE8 /* ViewController.swift */ = {isa = PBXFileReference; lastKnownFileType = sourcecode.swift; path = ViewController.swift; sourceTree = "<group>"; };
		142F9B702B7CFDF300B1FEE8 /* Base */ = {isa = PBXFileReference; lastKnownFileType = file.storyboard; name = Base; path = Base.lproj/Main.storyboard; sourceTree = "<group>"; };
		142F9B722B7CFDF500B1FEE8 /* Assets.xcassets */ = {isa = PBXFileReference; lastKnownFileType = folder.assetcatalog; path = Assets.xcassets; sourceTree = "<group>"; };
		142F9B752B7CFDF500B1FEE8 /* Base */ = {isa = PBXFileReference; lastKnownFileType = file.storyboard; name = Base; path = Base.lproj/LaunchScreen.storyboard; sourceTree = "<group>"; };
		142F9B772B7CFDF500B1FEE8 /* Info.plist */ = {isa = PBXFileReference; lastKnownFileType = text.plist.xml; path = Info.plist; sourceTree = "<group>"; };
		142F9B7C2B7CFDF500B1FEE8 /* BankingSuperAppTests.xctest */ = {isa = PBXFileReference; explicitFileType = wrapper.cfbundle; includeInIndex = 0; path = BankingSuperAppTests.xctest; sourceTree = BUILT_PRODUCTS_DIR; };
		142F9B802B7CFDF500B1FEE8 /* BankingSuperAppTests.swift */ = {isa = PBXFileReference; lastKnownFileType = sourcecode.swift; path = BankingSuperAppTests.swift; sourceTree = "<group>"; };
		142F9B862B7CFDF500B1FEE8 /* BankingSuperAppUITests.xctest */ = {isa = PBXFileReference; explicitFileType = wrapper.cfbundle; includeInIndex = 0; path = BankingSuperAppUITests.xctest; sourceTree = BUILT_PRODUCTS_DIR; };
		142F9B8A2B7CFDF500B1FEE8 /* BankingSuperAppUITests.swift */ = {isa = PBXFileReference; lastKnownFileType = sourcecode.swift; path = BankingSuperAppUITests.swift; sourceTree = "<group>"; };
		142F9B8C2B7CFDF500B1FEE8 /* BankingSuperAppUITestsLaunchTests.swift */ = {isa = PBXFileReference; lastKnownFileType = sourcecode.swift; path = BankingSuperAppUITestsLaunchTests.swift; sourceTree = "<group>"; };
/* End PBXFileReference section */

/* Begin PBXFrameworksBuildPhase section */
		142F9B632B7CFDF300B1FEE8 /* Frameworks */ = {
			isa = PBXFrameworksBuildPhase;
			buildActionMask = 2147483647;
			files = (
			);
			runOnlyForDeploymentPostprocessing = 0;
		};
		142F9B792B7CFDF500B1FEE8 /* Frameworks */ = {
			isa = PBXFrameworksBuildPhase;
			buildActionMask = 2147483647;
			files = (
			);
			runOnlyForDeploymentPostprocessing = 0;
		};
		142F9B832B7CFDF500B1FEE8 /* Frameworks */ = {
			isa = PBXFrameworksBuildPhase;
			buildActionMask = 2147483647;
			files = (
			);
			runOnlyForDeploymentPostprocessing = 0;
		};
/* End PBXFrameworksBuildPhase section */

/* Begin PBXGroup section */
		142F9B5D2B7CFDF300B1FEE8 = {
			isa = PBXGroup;
			children = (
				142F9B682B7CFDF300B1FEE8 /* BankingSuperApp */,
				142F9B7F2B7CFDF500B1FEE8 /* BankingSuperAppTests */,
				142F9B892B7CFDF500B1FEE8 /* BankingSuperAppUITests */,
				142F9B672B7CFDF300B1FEE8 /* Products */,
			);
			sourceTree = "<group>";
		};
		142F9B672B7CFDF300B1FEE8 /* Products */ = {
			isa = PBXGroup;
			children = (
				142F9B662B7CFDF300B1FEE8 /* BankingSuperApp.app */,
				142F9B7C2B7CFDF500B1FEE8 /* BankingSuperAppTests.xctest */,
				142F9B862B7CFDF500B1FEE8 /* BankingSuperAppUITests.xctest */,
			);
			name = Products;
			sourceTree = "<group>";
		};
		142F9B682B7CFDF300B1FEE8 /* BankingSuperApp */ = {
			isa = PBXGroup;
			children = (
				142F9B692B7CFDF300B1FEE8 /* AppDelegate.swift */,
				142F9B6B2B7CFDF300B1FEE8 /* SceneDelegate.swift */,
				142F9B6D2B7CFDF300B1FEE8 /* ViewController.swift */,
				142F9B6F2B7CFDF300B1FEE8 /* Main.storyboard */,
				142F9B722B7CFDF500B1FEE8 /* Assets.xcassets */,
				142F9B742B7CFDF500B1FEE8 /* LaunchScreen.storyboard */,
				142F9B772B7CFDF500B1FEE8 /* Info.plist */,
			);
			path = BankingSuperApp;
			sourceTree = "<group>";
		};
		142F9B7F2B7CFDF500B1FEE8 /* BankingSuperAppTests */ = {
			isa = PBXGroup;
			children = (
				142F9B802B7CFDF500B1FEE8 /* BankingSuperAppTests.swift */,
			);
			path = BankingSuperAppTests;
			sourceTree = "<group>";
		};
		142F9B892B7CFDF500B1FEE8 /* BankingSuperAppUITests */ = {
			isa = PBXGroup;
			children = (
				142F9B8A2B7CFDF500B1FEE8 /* BankingSuperAppUITests.swift */,
				142F9B8C2B7CFDF500B1FEE8 /* BankingSuperAppUITestsLaunchTests.swift */,
			);
			path = BankingSuperAppUITests;
			sourceTree = "<group>";
		};
/* End PBXGroup section */

/* Begin PBXNativeTarget section */
		142F9B652B7CFDF300B1FEE8 /* BankingSuperApp */ = {
			isa = PBXNativeTarget;
			buildConfigurationList = 142F9B902B7CFDF500B1FEE8 /* Build configuration list for PBXNativeTarget "BankingSuperApp" */;
			buildPhases = (
				142F9B622B7CFDF300B1FEE8 /* Sources */,
				142F9B632B7CFDF300B1FEE8 /* Frameworks */,
				142F9B642B7CFDF300B1FEE8 /* Resources */,
			);
			buildRules = (
			);
			dependencies = (
			);
			name = BankingSuperApp;
			productName = BankingSuperApp;
			productReference = 142F9B662B7CFDF300B1FEE8 /* BankingSuperApp.app */;
			productType = "com.apple.product-type.application";
		};
		142F9B7B2B7CFDF500B1FEE8 /* BankingSuperAppTests */ = {
			isa = PBXNativeTarget;
			buildConfigurationList = 142F9B932B7CFDF500B1FEE8 /* Build configuration list for PBXNativeTarget "BankingSuperAppTests" */;
			buildPhases = (
				142F9B782B7CFDF500B1FEE8 /* Sources */,
				142F9B792B7CFDF500B1FEE8 /* Frameworks */,
				142F9B7A2B7CFDF500B1FEE8 /* Resources */,
			);
			buildRules = (
			);
			dependencies = (
				142F9B7E2B7CFDF500B1FEE8 /* PBXTargetDependency */,
			);
			name = BankingSuperAppTests;
			productName = BankingSuperAppTests;
			productReference = 142F9B7C2B7CFDF500B1FEE8 /* BankingSuperAppTests.xctest */;
			productType = "com.apple.product-type.bundle.unit-test";
		};
		142F9B852B7CFDF500B1FEE8 /* BankingSuperAppUITests */ = {
			isa = PBXNativeTarget;
			buildConfigurationList = 142F9B962B7CFDF500B1FEE8 /* Build configuration list for PBXNativeTarget "BankingSuperAppUITests" */;
			buildPhases = (
				142F9B822B7CFDF500B1FEE8 /* Sources */,
				142F9B832B7CFDF500B1FEE8 /* Frameworks */,
				142F9B842B7CFDF500B1FEE8 /* Resources */,
			);
			buildRules = (
			);
			dependencies = (
				142F9B882B7CFDF500B1FEE8 /* PBXTargetDependency */,
			);
			name = BankingSuperAppUITests;
			productName = BankingSuperAppUITests;
			productReference = 142F9B862B7CFDF500B1FEE8 /* BankingSuperAppUITests.xctest */;
			productType = "com.apple.product-type.bundle.ui-testing";
		};
/* End PBXNativeTarget section */

/* Begin PBXProject section */
		142F9B5E2B7CFDF300B1FEE8 /* Project object */ = {
			isa = PBXProject;
			attributes = {
				BuildIndependentTargetsInParallel = 1;
				LastSwiftUpdateCheck = 1500;
				LastUpgradeCheck = 1500;
				TargetAttributes = {
					142F9B652B7CFDF300B1FEE8 = {
						CreatedOnToolsVersion = 15.0;
					};
					142F9B7B2B7CFDF500B1FEE8 = {
						CreatedOnToolsVersion = 15.0;
						TestTargetID = 142F9B652B7CFDF300B1FEE8;
					};
					142F9B852B7CFDF500B1FEE8 = {
						CreatedOnToolsVersion = 15.0;
						TestTargetID = 142F9B652B7CFDF300B1FEE8;
					};
				};
			};
			buildConfigurationList = 142F9B612B7CFDF300B1FEE8 /* Build configuration list for PBXProject "BankingSuperApp" */;
			compatibilityVersion = "Xcode 14.0";
			developmentRegion = en;
			hasScannedForEncodings = 0;
			knownRegions = (
				en,
				Base,
			);
			mainGroup = 142F9B5D2B7CFDF300B1FEE8;
			productRefGroup = 142F9B672B7CFDF300B1FEE8 /* Products */;
			projectDirPath = "";
			projectRoot = "";
			targets = (
				142F9B652B7CFDF300B1FEE8 /* BankingSuperApp */,
				142F9B7B2B7CFDF500B1FEE8 /* BankingSuperAppTests */,
				142F9B852B7CFDF500B1FEE8 /* BankingSuperAppUITests */,
			);
		};
/* End PBXProject section */

/* Begin PBXResourcesBuildPhase section */
		142F9B642B7CFDF300B1FEE8 /* Resources */ = {
			isa = PBXResourcesBuildPhase;
			buildActionMask = 2147483647;
			files = (
				142F9B762B7CFDF500B1FEE8 /* LaunchScreen.storyboard in Resources */,
				142F9B732B7CFDF500B1FEE8 /* Assets.xcassets in Resources */,
				142F9B712B7CFDF300B1FEE8 /* Main.storyboard in Resources */,
			);
			runOnlyForDeploymentPostprocessing = 0;
		};
		142F9B7A2B7CFDF500B1FEE8 /* Resources */ = {
			isa = PBXResourcesBuildPhase;
			buildActionMask = 2147483647;
			files = (
			);
			runOnlyForDeploymentPostprocessing = 0;
		};
		142F9B842B7CFDF500B1FEE8 /* Resources */ = {
			isa = PBXResourcesBuildPhase;
			buildActionMask = 2147483647;
			files = (
			);
			runOnlyForDeploymentPostprocessing = 0;
		};
/* End PBXResourcesBuildPhase section */

/* Begin PBXSourcesBuildPhase section */
		142F9B622B7CFDF300B1FEE8 /* Sources */ = {
			isa = PBXSourcesBuildPhase;
			buildActionMask = 2147483647;
			files = (
				142F9B6E2B7CFDF300B1FEE8 /* ViewController.swift in Sources */,
				142F9B6A2B7CFDF300B1FEE8 /* AppDelegate.swift in Sources */,
				142F9B6C2B7CFDF300B1FEE8 /* SceneDelegate.swift in Sources */,
			);
			runOnlyForDeploymentPostprocessing = 0;
		};
		142F9B782B7CFDF500B1FEE8 /* Sources */ = {
			isa = PBXSourcesBuildPhase;
			buildActionMask = 2147483647;
			files = (
				142F9B812B7CFDF500B1FEE8 /* BankingSuperAppTests.swift in Sources */,
			);
			runOnlyForDeploymentPostprocessing = 0;
		};
		142F9B822B7CFDF500B1FEE8 /* Sources */ = {
			isa = PBXSourcesBuildPhase;
			buildActionMask = 2147483647;
			files = (
				142F9B8B2B7CFDF500B1FEE8 /* BankingSuperAppUITests.swift in Sources */,
				142F9B8D2B7CFDF500B1FEE8 /* BankingSuperAppUITestsLaunchTests.swift in Sources */,
			);
			runOnlyForDeploymentPostprocessing = 0;
		};
/* End PBXSourcesBuildPhase section */

/* Begin PBXTargetDependency section */
		142F9B7E2B7CFDF500B1FEE8 /* PBXTargetDependency */ = {
			isa = PBXTargetDependency;
			target = 142F9B652B7CFDF300B1FEE8 /* BankingSuperApp */;
			targetProxy = 142F9B7D2B7CFDF500B1FEE8 /* PBXContainerItemProxy */;
		};
		142F9B882B7CFDF500B1FEE8 /* PBXTargetDependency */ = {
			isa = PBXTargetDependency;
			target = 142F9B652B7CFDF300B1FEE8 /* BankingSuperApp */;
			targetProxy = 142F9B872B7CFDF500B1FEE8 /* PBXContainerItemProxy */;
		};
/* End PBXTargetDependency section */

/* Begin PBXVariantGroup section */
		142F9B6F2B7CFDF300B1FEE8 /* Main.storyboard */ = {
			isa = PBXVariantGroup;
			children = (
				142F9B702B7CFDF300B1FEE8 /* Base */,
			);
			name = Main.storyboard;
			sourceTree = "<group>";
		};
		142F9B742B7CFDF500B1FEE8 /* LaunchScreen.storyboard */ = {
			isa = PBXVariantGroup;
			children = (
				142F9B752B7CFDF500B1FEE8 /* Base */,
			);
			name = LaunchScreen.storyboard;
			sourceTree = "<group>";
		};
/* End PBXVariantGroup section */

/* Begin XCBuildConfiguration section */
		142F9B8E2B7CFDF500B1FEE8 /* Debug */ = {
			isa = XCBuildConfiguration;
			buildSettings = {
				ALWAYS_SEARCH_USER_PATHS = NO;
				ASSETCATALOG_COMPILER_GENERATE_SWIFT_ASSET_SYMBOL_EXTENSIONS = YES;
				CLANG_ANALYZER_NONNULL = YES;
				CLANG_ANALYZER_NUMBER_OBJECT_CONVERSION = YES_AGGRESSIVE;
				CLANG_CXX_LANGUAGE_STANDARD = "gnu++20";
				CLANG_ENABLE_MODULES = YES;
				CLANG_ENABLE_OBJC_ARC = YES;
				CLANG_ENABLE_OBJC_WEAK = YES;
				CLANG_WARN_BLOCK_CAPTURE_AUTORELEASING = YES;
				CLANG_WARN_BOOL_CONVERSION = YES;
				CLANG_WARN_COMMA = YES;
				CLANG_WARN_CONSTANT_CONVERSION = YES;
				CLANG_WARN_DEPRECATED_OBJC_IMPLEMENTATIONS = YES;
				CLANG_WARN_DIRECT_OBJC_ISA_USAGE = YES_ERROR;
				CLANG_WARN_DOCUMENTATION_COMMENTS = YES;
				CLANG_WARN_EMPTY_BODY = YES;
				CLANG_WARN_ENUM_CONVERSION = YES;
				CLANG_WARN_INFINITE_RECURSION = YES;
				CLANG_WARN_INT_CONVERSION = YES;
				CLANG_WARN_NON_LITERAL_NULL_CONVERSION = YES;
				CLANG_WARN_OBJC_IMPLICIT_RETAIN_SELF = YES;
				CLANG_WARN_OBJC_LITERAL_CONVERSION = YES;
				CLANG_WARN_OBJC_ROOT_CLASS = YES_ERROR;
				CLANG_WARN_QUOTED_INCLUDE_IN_FRAMEWORK_HEADER = YES;
				CLANG_WARN_RANGE_LOOP_ANALYSIS = YES;
				CLANG_WARN_STRICT_PROTOTYPES = YES;
				CLANG_WARN_SUSPICIOUS_MOVE = YES;
				CLANG_WARN_UNGUARDED_AVAILABILITY = YES_AGGRESSIVE;
				CLANG_WARN_UNREACHABLE_CODE = YES;
				CLANG_WARN__DUPLICATE_METHOD_MATCH = YES;
				COPY_PHASE_STRIP = NO;
				DEBUG_INFORMATION_FORMAT = dwarf;
				ENABLE_STRICT_OBJC_MSGSEND = YES;
				ENABLE_TESTABILITY = YES;
				ENABLE_USER_SCRIPT_SANDBOXING = YES;
				GCC_C_LANGUAGE_STANDARD = gnu17;
				GCC_DYNAMIC_NO_PIC = NO;
				GCC_NO_COMMON_BLOCKS = YES;
				GCC_OPTIMIZATION_LEVEL = 0;
				GCC_PREPROCESSOR_DEFINITIONS = (
					"DEBUG=1",
					"$(inherited)",
				);
				GCC_WARN_64_TO_32_BIT_CONVERSION = YES;
				GCC_WARN_ABOUT_RETURN_TYPE = YES_ERROR;
				GCC_WARN_UNDECLARED_SELECTOR = YES;
				GCC_WARN_UNINITIALIZED_AUTOS = YES_AGGRESSIVE;
				GCC_WARN_UNUSED_FUNCTION = YES;
				GCC_WARN_UNUSED_VARIABLE = YES;
				IPHONEOS_DEPLOYMENT_TARGET = 17.0;
				LOCALIZATION_PREFERS_STRING_CATALOGS = YES;
				MTL_ENABLE_DEBUG_INFO = INCLUDE_SOURCE;
				MTL_FAST_MATH = YES;
				ONLY_ACTIVE_ARCH = YES;
				SDKROOT = iphoneos;
				SWIFT_ACTIVE_COMPILATION_CONDITIONS = "DEBUG $(inherited)";
				SWIFT_OPTIMIZATION_LEVEL = "-Onone";
			};
			name = Debug;
		};
		142F9B8F2B7CFDF500B1FEE8 /* Release */ = {
			isa = XCBuildConfiguration;
			buildSettings = {
				ALWAYS_SEARCH_USER_PATHS = NO;
				ASSETCATALOG_COMPILER_GENERATE_SWIFT_ASSET_SYMBOL_EXTENSIONS = YES;
				CLANG_ANALYZER_NONNULL = YES;
				CLANG_ANALYZER_NUMBER_OBJECT_CONVERSION = YES_AGGRESSIVE;
				CLANG_CXX_LANGUAGE_STANDARD = "gnu++20";
				CLANG_ENABLE_MODULES = YES;
				CLANG_ENABLE_OBJC_ARC = YES;
				CLANG_ENABLE_OBJC_WEAK = YES;
				CLANG_WARN_BLOCK_CAPTURE_AUTORELEASING = YES;
				CLANG_WARN_BOOL_CONVERSION = YES;
				CLANG_WARN_COMMA = YES;
				CLANG_WARN_CONSTANT_CONVERSION = YES;
				CLANG_WARN_DEPRECATED_OBJC_IMPLEMENTATIONS = YES;
				CLANG_WARN_DIRECT_OBJC_ISA_USAGE = YES_ERROR;
				CLANG_WARN_DOCUMENTATION_COMMENTS = YES;
				CLANG_WARN_EMPTY_BODY = YES;
				CLANG_WARN_ENUM_CONVERSION = YES;
				CLANG_WARN_INFINITE_RECURSION = YES;
				CLANG_WARN_INT_CONVERSION = YES;
				CLANG_WARN_NON_LITERAL_NULL_CONVERSION = YES;
				CLANG_WARN_OBJC_IMPLICIT_RETAIN_SELF = YES;
				CLANG_WARN_OBJC_LITERAL_CONVERSION = YES;
				CLANG_WARN_OBJC_ROOT_CLASS = YES_ERROR;
				CLANG_WARN_QUOTED_INCLUDE_IN_FRAMEWORK_HEADER = YES;
				CLANG_WARN_RANGE_LOOP_ANALYSIS = YES;
				CLANG_WARN_STRICT_PROTOTYPES = YES;
				CLANG_WARN_SUSPICIOUS_MOVE = YES;
				CLANG_WARN_UNGUARDED_AVAILABILITY = YES_AGGRESSIVE;
				CLANG_WARN_UNREACHABLE_CODE = YES;
				CLANG_WARN__DUPLICATE_METHOD_MATCH = YES;
				COPY_PHASE_STRIP = NO;
				DEBUG_INFORMATION_FORMAT = "dwarf-with-dsym";
				ENABLE_NS_ASSERTIONS = NO;
				ENABLE_STRICT_OBJC_MSGSEND = YES;
				ENABLE_USER_SCRIPT_SANDBOXING = YES;
				GCC_C_LANGUAGE_STANDARD = gnu17;
				GCC_NO_COMMON_BLOCKS = YES;
				GCC_WARN_64_TO_32_BIT_CONVERSION = YES;
				GCC_WARN_ABOUT_RETURN_TYPE = YES_ERROR;
				GCC_WARN_UNDECLARED_SELECTOR = YES;
				GCC_WARN_UNINITIALIZED_AUTOS = YES_AGGRESSIVE;
				GCC_WARN_UNUSED_FUNCTION = YES;
				GCC_WARN_UNUSED_VARIABLE = YES;
				IPHONEOS_DEPLOYMENT_TARGET = 17.0;
				LOCALIZATION_PREFERS_STRING_CATALOGS = YES;
				MTL_ENABLE_DEBUG_INFO = NO;
				MTL_FAST_MATH = YES;
				SDKROOT = iphoneos;
				SWIFT_COMPILATION_MODE = wholemodule;
				VALIDATE_PRODUCT = YES;
			};
			name = Release;
		};
		142F9B912B7CFDF500B1FEE8 /* Debug */ = {
			isa = XCBuildConfiguration;
			buildSettings = {
				ASSETCATALOG_COMPILER_APPICON_NAME = AppIcon;
				ASSETCATALOG_COMPILER_GLOBAL_ACCENT_COLOR_NAME = AccentColor;
				CODE_SIGN_STYLE = Automatic;
				CURRENT_PROJECT_VERSION = 1;
				DEVELOPMENT_TEAM = X2NYBWV393;
				GENERATE_INFOPLIST_FILE = YES;
				INFOPLIST_FILE = BankingSuperApp/Info.plist;
				INFOPLIST_KEY_UIApplicationSupportsIndirectInputEvents = YES;
				INFOPLIST_KEY_UILaunchStoryboardName = LaunchScreen;
				INFOPLIST_KEY_UIMainStoryboardFile = Main;
				INFOPLIST_KEY_UISupportedInterfaceOrientations_iPad = "UIInterfaceOrientationPortrait UIInterfaceOrientationPortraitUpsideDown UIInterfaceOrientationLandscapeLeft UIInterfaceOrientationLandscapeRight";
				INFOPLIST_KEY_UISupportedInterfaceOrientations_iPhone = "UIInterfaceOrientationPortrait UIInterfaceOrientationLandscapeLeft UIInterfaceOrientationLandscapeRight";
				LD_RUNPATH_SEARCH_PATHS = (
					"$(inherited)",
					"@executable_path/Frameworks",
				);
				MARKETING_VERSION = 1.0;
				PRODUCT_BUNDLE_IDENTIFIER = com.prawirafitrajaya.BankingSuperApp;
				PRODUCT_NAME = "$(TARGET_NAME)";
				SWIFT_EMIT_LOC_STRINGS = YES;
				SWIFT_VERSION = 5.0;
				TARGETED_DEVICE_FAMILY = "1,2";
			};
			name = Debug;
		};
		142F9B922B7CFDF500B1FEE8 /* Release */ = {
			isa = XCBuildConfiguration;
			buildSettings = {
				ASSETCATALOG_COMPILER_APPICON_NAME = AppIcon;
				ASSETCATALOG_COMPILER_GLOBAL_ACCENT_COLOR_NAME = AccentColor;
				CODE_SIGN_STYLE = Automatic;
				CURRENT_PROJECT_VERSION = 1;
				DEVELOPMENT_TEAM = X2NYBWV393;
				GENERATE_INFOPLIST_FILE = YES;
				INFOPLIST_FILE = BankingSuperApp/Info.plist;
				INFOPLIST_KEY_UIApplicationSupportsIndirectInputEvents = YES;
				INFOPLIST_KEY_UILaunchStoryboardName = LaunchScreen;
				INFOPLIST_KEY_UIMainStoryboardFile = Main;
				INFOPLIST_KEY_UISupportedInterfaceOrientations_iPad = "UIInterfaceOrientationPortrait UIInterfaceOrientationPortraitUpsideDown UIInterfaceOrientationLandscapeLeft UIInterfaceOrientationLandscapeRight";
				INFOPLIST_KEY_UISupportedInterfaceOrientations_iPhone = "UIInterfaceOrientationPortrait UIInterfaceOrientationLandscapeLeft UIInterfaceOrientationLandscapeRight";
				LD_RUNPATH_SEARCH_PATHS = (
					"$(inherited)",
					"@executable_path/Frameworks",
				);
				MARKETING_VERSION = 1.0;
				PRODUCT_BUNDLE_IDENTIFIER = com.prawirafitrajaya.BankingSuperApp;
				PRODUCT_NAME = "$(TARGET_NAME)";
				SWIFT_EMIT_LOC_STRINGS = YES;
				SWIFT_VERSION = 5.0;
				TARGETED_DEVICE_FAMILY = "1,2";
			};
			name = Release;
		};
		142F9B942B7CFDF500B1FEE8 /* Debug */ = {
			isa = XCBuildConfiguration;
			buildSettings = {
				ALWAYS_EMBED_SWIFT_STANDARD_LIBRARIES = YES;
				BUNDLE_LOADER = "$(TEST_HOST)";
				CODE_SIGN_STYLE = Automatic;
				CURRENT_PROJECT_VERSION = 1;
				DEVELOPMENT_TEAM = X2NYBWV393;
				GENERATE_INFOPLIST_FILE = YES;
				IPHONEOS_DEPLOYMENT_TARGET = 17.0;
				MARKETING_VERSION = 1.0;
				PRODUCT_BUNDLE_IDENTIFIER = com.prawirafitrajaya.BankingSuperAppTests;
				PRODUCT_NAME = "$(TARGET_NAME)";
				SWIFT_EMIT_LOC_STRINGS = NO;
				SWIFT_VERSION = 5.0;
				TARGETED_DEVICE_FAMILY = "1,2";
				TEST_HOST = "$(BUILT_PRODUCTS_DIR)/BankingSuperApp.app/$(BUNDLE_EXECUTABLE_FOLDER_PATH)/BankingSuperApp";
			};
			name = Debug;
		};
		142F9B952B7CFDF500B1FEE8 /* Release */ = {
			isa = XCBuildConfiguration;
			buildSettings = {
				ALWAYS_EMBED_SWIFT_STANDARD_LIBRARIES = YES;
				BUNDLE_LOADER = "$(TEST_HOST)";
				CODE_SIGN_STYLE = Automatic;
				CURRENT_PROJECT_VERSION = 1;
				DEVELOPMENT_TEAM = X2NYBWV393;
				GENERATE_INFOPLIST_FILE = YES;
				IPHONEOS_DEPLOYMENT_TARGET = 17.0;
				MARKETING_VERSION = 1.0;
				PRODUCT_BUNDLE_IDENTIFIER = com.prawirafitrajaya.BankingSuperAppTests;
				PRODUCT_NAME = "$(TARGET_NAME)";
				SWIFT_EMIT_LOC_STRINGS = NO;
				SWIFT_VERSION = 5.0;
				TARGETED_DEVICE_FAMILY = "1,2";
				TEST_HOST = "$(BUILT_PRODUCTS_DIR)/BankingSuperApp.app/$(BUNDLE_EXECUTABLE_FOLDER_PATH)/BankingSuperApp";
			};
			name = Release;
		};
		142F9B972B7CFDF500B1FEE8 /* Debug */ = {
			isa = XCBuildConfiguration;
			buildSettings = {
				ALWAYS_EMBED_SWIFT_STANDARD_LIBRARIES = YES;
				CODE_SIGN_STYLE = Automatic;
				CURRENT_PROJECT_VERSION = 1;
				DEVELOPMENT_TEAM = X2NYBWV393;
				GENERATE_INFOPLIST_FILE = YES;
				MARKETING_VERSION = 1.0;
				PRODUCT_BUNDLE_IDENTIFIER = com.prawirafitrajaya.BankingSuperAppUITests;
				PRODUCT_NAME = "$(TARGET_NAME)";
				SWIFT_EMIT_LOC_STRINGS = NO;
				SWIFT_VERSION = 5.0;
				TARGETED_DEVICE_FAMILY = "1,2";
				TEST_TARGET_NAME = BankingSuperApp;
			};
			name = Debug;
		};
		142F9B982B7CFDF500B1FEE8 /* Release */ = {
			isa = XCBuildConfiguration;
			buildSettings = {
				ALWAYS_EMBED_SWIFT_STANDARD_LIBRARIES = YES;
				CODE_SIGN_STYLE = Automatic;
				CURRENT_PROJECT_VERSION = 1;
				DEVELOPMENT_TEAM = X2NYBWV393;
				GENERATE_INFOPLIST_FILE = YES;
				MARKETING_VERSION = 1.0;
				PRODUCT_BUNDLE_IDENTIFIER = com.prawirafitrajaya.BankingSuperAppUITests;
				PRODUCT_NAME = "$(TARGET_NAME)";
				SWIFT_EMIT_LOC_STRINGS = NO;
				SWIFT_VERSION = 5.0;
				TARGETED_DEVICE_FAMILY = "1,2";
				TEST_TARGET_NAME = BankingSuperApp;
			};
			name = Release;
		};
/* End XCBuildConfiguration section */

/* Begin XCConfigurationList section */
		142F9B612B7CFDF300B1FEE8 /* Build configuration list for PBXProject "BankingSuperApp" */ = {
			isa = XCConfigurationList;
			buildConfigurations = (
				142F9B8E2B7CFDF500B1FEE8 /* Debug */,
				142F9B8F2B7CFDF500B1FEE8 /* Release */,
			);
			defaultConfigurationIsVisible = 0;
			defaultConfigurationName = Release;
		};
		142F9B902B7CFDF500B1FEE8 /* Build configuration list for PBXNativeTarget "BankingSuperApp" */ = {
			isa = XCConfigurationList;
			buildConfigurations = (
				142F9B912B7CFDF500B1FEE8 /* Debug */,
				142F9B922B7CFDF500B1FEE8 /* Release */,
			);
			defaultConfigurationIsVisible = 0;
			defaultConfigurationName = Release;
		};
		142F9B932B7CFDF500B1FEE8 /* Build configuration list for PBXNativeTarget "BankingSuperAppTests" */ = {
			isa = XCConfigurationList;
			buildConfigurations = (
				142F9B942B7CFDF500B1FEE8 /* Debug */,
				142F9B952B7CFDF500B1FEE8 /* Release */,
			);
			defaultConfigurationIsVisible = 0;
			defaultConfigurationName = Release;
		};
		142F9B962B7CFDF500B1FEE8 /* Build configuration list for PBXNativeTarget "BankingSuperAppUITests" */ = {
			isa = XCConfigurationList;
			buildConfigurations = (
				142F9B972B7CFDF500B1FEE8 /* Debug */,
				142F9B982B7CFDF500B1FEE8 /* Release */,
			);
			defaultConfigurationIsVisible = 0;
			defaultConfigurationName = Release;
		};
/* End XCConfigurationList section */
	};
	rootObject = 142F9B5E2B7CFDF300B1FEE8 /* Project object */;
}
